
Microsoft Visual Studio Solution File, Format Version 12.00
# Visual Studio Version 17
VisualStudioVersion = 17.8.34330.188
MinimumVisualStudioVersion = 10.0.40219.1
Project("{FAE04EC0-301F-11D3-BF4B-00C04F79EFBC}") = "SistemaNotas", "SistemaNotas\SistemaNotas.csproj", "{7DF91221-95C3-4F94-BDBF-C6D39AFDAD3A}"
EndProject
Global
	GlobalSection(SolutionConfigurationPlatforms) = preSolution
		Debug|Any CPU = Debug|Any CPU
		Release|Any CPU = Release|Any CPU
	EndGlobalSection
	GlobalSection(ProjectConfigurationPlatforms) = postSolution
		{7DF91221-95C3-4F94-BDBF-C6D39AFDAD3A}.Debug|Any CPU.ActiveCfg = Debug|Any CPU
		{7DF91221-95C3-4F94-BDBF-C6D39AFDAD3A}.Debug|Any CPU.Build.0 = Debug|Any CPU
		{7DF91221-95C3-4F94-BDBF-C6D39AFDAD3A}.Debug|Any CPU.Deploy.0 = Debug|Any CPU
		{7DF91221-95C3-4F94-BDBF-C6D39AFDAD3A}.Release|Any CPU.ActiveCfg = Release|Any CPU
		{7DF91221-95C3-4F94-BDBF-C6D39AFDAD3A}.Release|Any CPU.Build.0 = Release|Any CPU
		{7DF91221-95C3-4F94-BDBF-C6D39AFDAD3A}.Release|Any CPU.Deploy.0 = Release|Any CPU
	EndGlobalSection
	GlobalSection(SolutionProperties) = preSolution
		HideSolutionNode = FALSE
	EndGlobalSection
	GlobalSection(ExtensibilityGlobals) = postSolution
		SolutionGuid = {968F8A13-BE6D-48A2-8805-49EA9D46597A}
	EndGlobalSection
EndGlobal
